
Microsoft Visual Studio Solution File, Format Version 12.00
# Visual Studio Version 17
VisualStudioVersion = 17.7.34221.43
MinimumVisualStudioVersion = 10.0.40219.1
Project("{9A19103F-16F7-4668-BE54-9A1E7A4F7556}") = "CarRentalManagement.Server", "CarRentalManagement\Server\CarRentalManagement.Server.csproj", "{C0AAE3A0-AC5F-43C7-B674-A101F2B7816A}"
EndProject
Project("{9A19103F-16F7-4668-BE54-9A1E7A4F7556}") = "CarRentalManagement.Client", "CarRentalManagement\Client\CarRentalManagement.Client.csproj", "{8A1F5D5F-D56B-41B2-AAFE-044F92CCC9BE}"
EndProject
Project("{9A19103F-16F7-4668-BE54-9A1E7A4F7556}") = "CarRentalManagement.Shared", "CarRentalManagement\Shared\CarRentalManagement.Shared.csproj", "{814A9505-74E6-42EC-BE55-F2A82E182D18}"
EndProject
Global
	GlobalSection(SolutionConfigurationPlatforms) = preSolution
		Debug|Any CPU = Debug|Any CPU
		Release|Any CPU = Release|Any CPU
	EndGlobalSection
	GlobalSection(ProjectConfigurationPlatforms) = postSolution
		{C0AAE3A0-AC5F-43C7-B674-A101F2B7816A}.Debug|Any CPU.ActiveCfg = Debug|Any CPU
		{C0AAE3A0-AC5F-43C7-B674-A101F2B7816A}.Debug|Any CPU.Build.0 = Debug|Any CPU
		{C0AAE3A0-AC5F-43C7-B674-A101F2B7816A}.Release|Any CPU.ActiveCfg = Release|Any CPU
		{C0AAE3A0-AC5F-43C7-B674-A101F2B7816A}.Release|Any CPU.Build.0 = Release|Any CPU
		{8A1F5D5F-D56B-41B2-AAFE-044F92CCC9BE}.Debug|Any CPU.ActiveCfg = Debug|Any CPU
		{8A1F5D5F-D56B-41B2-AAFE-044F92CCC9BE}.Debug|Any CPU.Build.0 = Debug|Any CPU
		{8A1F5D5F-D56B-41B2-AAFE-044F92CCC9BE}.Release|Any CPU.ActiveCfg = Release|Any CPU
		{8A1F5D5F-D56B-41B2-AAFE-044F92CCC9BE}.Release|Any CPU.Build.0 = Release|Any CPU
		{814A9505-74E6-42EC-BE55-F2A82E182D18}.Debug|Any CPU.ActiveCfg = Debug|Any CPU
		{814A9505-74E6-42EC-BE55-F2A82E182D18}.Debug|Any CPU.Build.0 = Debug|Any CPU
		{814A9505-74E6-42EC-BE55-F2A82E182D18}.Release|Any CPU.ActiveCfg = Release|Any CPU
		{814A9505-74E6-42EC-BE55-F2A82E182D18}.Release|Any CPU.Build.0 = Release|Any CPU
	EndGlobalSection
	GlobalSection(SolutionProperties) = preSolution
		HideSolutionNode = FALSE
	EndGlobalSection
	GlobalSection(ExtensibilityGlobals) = postSolution
		SolutionGuid = {12FB835C-5CE6-452C-994B-D9B2DF3B76F5}
	EndGlobalSection
EndGlobal
